
Microsoft Visual Studio Solution File, Format Version 12.00
# Visual Studio Version 17
VisualStudioVersion = 17.11.35208.52
MinimumVisualStudioVersion = 10.0.40219.1
Project("{9A19103F-16F7-4668-BE54-9A1E7A4F7556}") = "Front", "Front.csproj", "{62F8A299-BA37-4C4E-BC16-F4B5375A7735}"
EndProject
Project("{FAE04EC0-301F-11D3-BF4B-00C04F79EFBC}") = "Service", "..\Service\Service.csproj", "{BE986979-F322-4CCD-AA83-ADC6D7B63645}"
EndProject
Project("{FAE04EC0-301F-11D3-BF4B-00C04F79EFBC}") = "Model", "..\Model\Model.csproj", "{1787AE2D-89B5-49AB-AE82-0B6ACFFAF365}"
EndProject
Project("{FAE04EC0-301F-11D3-BF4B-00C04F79EFBC}") = "Repositorio", "..\Repositorio\Repositorio.csproj", "{79B60311-EFC1-48C7-AA91-5BC6345B0E07}"
EndProject
Global
	GlobalSection(SolutionConfigurationPlatforms) = preSolution
		Debug|Any CPU = Debug|Any CPU
		Release|Any CPU = Release|Any CPU
	EndGlobalSection
	GlobalSection(ProjectConfigurationPlatforms) = postSolution
		{62F8A299-BA37-4C4E-BC16-F4B5375A7735}.Debug|Any CPU.ActiveCfg = Debug|Any CPU
		{62F8A299-BA37-4C4E-BC16-F4B5375A7735}.Debug|Any CPU.Build.0 = Debug|Any CPU
		{62F8A299-BA37-4C4E-BC16-F4B5375A7735}.Release|Any CPU.ActiveCfg = Release|Any CPU
		{62F8A299-BA37-4C4E-BC16-F4B5375A7735}.Release|Any CPU.Build.0 = Release|Any CPU
		{BE986979-F322-4CCD-AA83-ADC6D7B63645}.Debug|Any CPU.ActiveCfg = Debug|Any CPU
		{BE986979-F322-4CCD-AA83-ADC6D7B63645}.Debug|Any CPU.Build.0 = Debug|Any CPU
		{BE986979-F322-4CCD-AA83-ADC6D7B63645}.Release|Any CPU.ActiveCfg = Release|Any CPU
		{BE986979-F322-4CCD-AA83-ADC6D7B63645}.Release|Any CPU.Build.0 = Release|Any CPU
		{1787AE2D-89B5-49AB-AE82-0B6ACFFAF365}.Debug|Any CPU.ActiveCfg = Debug|Any CPU
		{1787AE2D-89B5-49AB-AE82-0B6ACFFAF365}.Debug|Any CPU.Build.0 = Debug|Any CPU
		{1787AE2D-89B5-49AB-AE82-0B6ACFFAF365}.Release|Any CPU.ActiveCfg = Release|Any CPU
		{1787AE2D-89B5-49AB-AE82-0B6ACFFAF365}.Release|Any CPU.Build.0 = Release|Any CPU
		{79B60311-EFC1-48C7-AA91-5BC6345B0E07}.Debug|Any CPU.ActiveCfg = Debug|Any CPU
		{79B60311-EFC1-48C7-AA91-5BC6345B0E07}.Debug|Any CPU.Build.0 = Debug|Any CPU
		{79B60311-EFC1-48C7-AA91-5BC6345B0E07}.Release|Any CPU.ActiveCfg = Release|Any CPU
		{79B60311-EFC1-48C7-AA91-5BC6345B0E07}.Release|Any CPU.Build.0 = Release|Any CPU
	EndGlobalSection
	GlobalSection(SolutionProperties) = preSolution
		HideSolutionNode = FALSE
	EndGlobalSection
	GlobalSection(ExtensibilityGlobals) = postSolution
		SolutionGuid = {DCD54604-8B52-4EDE-BEA1-5659B4C8559A}
	EndGlobalSection
EndGlobal
